<?xml version="1.0" encoding="UTF-8" standalone="yes" ?>
<CodeBlocks_project_file>
	<FileVersion major="1" minor="6" />
	<Project>
		<Option title="Game_Engine" />
		<Option pch_mode="2" />
		<Option compiler="gcc" />
		<Build>
			<Target title="Debug">
				<Option output="bin/Debug/Game_Engine" prefix_auto="1" extension_auto="1" />
				<Option working_dir="../Game_Engine" />
				<Option object_output="obj/Debug/" />
				<Option type="1" />
				<Option compiler="gcc" />
				<Compiler>
					<Add option="-g" />
					<Add directory="C:/OpenGL/Dependencies" />
					<Add directory="C:/Users/legen/Documents/Code Blocks/Game_Engine/helpful_classes" />
					<Add directory="shader_classes" />
					<Add directory="helpful_classes" />
				</Compiler>
				<Linker>
					<Add library="C:/OpenGL/Dependencies/lib/libglfw3dll.a" />
					<Add library="C:/OpenGL/Dependencies/lib/libglfw3.a" />
					<Add library="C:/OpenGL/Dependencies/lib/libglew32.a" />
					<Add library="C:/OpenGL/Dependencies/lib/libglew32.dll.a" />
					<Add library="C:/OpenGL/Dependencies/lib/libSOIL.a" />
				</Linker>
			</Target>
			<Target title="Release">
				<Option output="bin/Release/Game_Engine" prefix_auto="1" extension_auto="1" />
				<Option object_output="obj/Release/" />
				<Option type="0" />
				<Option compiler="gcc" />
				<Compiler>
					<Add option="-O2" />
					<Add directory="headers" />
					<Add directory="helper_classes" />
					<Add directory="shader_classes" />
					<Add directory="helpful_classes" />
				</Compiler>
				<Linker>
					<Add option="-s" />
				</Linker>
			</Target>
		</Build>
		<Compiler>
			<Add option="-Wall" />
			<Add directory="shader_classes" />
			<Add directory="helpful_classes" />
		</Compiler>
		<Linker>
			<Add library="C:/OpenGL/Dependencies/lib/libSOIL.a" />
			<Add library="opengl32" />
			<Add library="glu32" />
			<Add library="gdi32" />
		</Linker>
		<Unit filename="helpful_classes/Loader.cpp" />
		<Unit filename="helpful_classes/Loader.h" />
		<Unit filename="helpful_classes/SimpleModel.cpp" />
		<Unit filename="helpful_classes/SimpleModel.h" />
		<Unit filename="helpful_classes/TexturedModel.cpp" />
		<Unit filename="helpful_classes/TexturedModel.h" />
		<Unit filename="main.cpp" />
		<Unit filename="shader_classes/Shader.cpp" />
		<Unit filename="shader_classes/Shader.h" />
		<Extensions>
			<code_completion />
			<envvars />
			<debugger />
			<lib_finder disable_auto="1" />
		</Extensions>
	</Project>
</CodeBlocks_project_file>
